Microsoft Visual Studio Solution File, Format Version 11.00
# Visual Studio 2008

Project("{95D4C053-D39E-9931-3AEA-EFB198C5CB4A}") = "SubstanceTween v2.3", "Assembly-CSharp.csproj", "{A7B2C57D-142D-1D0E-C330-0C79F41150F8}"
EndProject
Project("{95D4C053-D39E-9931-3AEA-EFB198C5CB4A}") = "SubstanceTween v2.3", "Assembly-CSharp-Editor.csproj", "{B01833C1-CA52-101C-AC35-D45F27AB3C41}"
EndProject
Global
	GlobalSection(SolutionConfigurationPlatforms) = preSolution
		Debug|Any CPU = Debug|Any CPU
		Release|Any CPU = Release|Any CPU
	EndGlobalSection
	GlobalSection(ProjectConfigurationPlatforms) = postSolution
		{A7B2C57D-142D-1D0E-C330-0C79F41150F8}.Debug|Any CPU.ActiveCfg = Debug|Any CPU
		{A7B2C57D-142D-1D0E-C330-0C79F41150F8}.Debug|Any CPU.Build.0 = Debug|Any CPU
		{A7B2C57D-142D-1D0E-C330-0C79F41150F8}.Release|Any CPU.ActiveCfg = Release|Any CPU
		{A7B2C57D-142D-1D0E-C330-0C79F41150F8}.Release|Any CPU.Build.0 = Release|Any CPU
		{B01833C1-CA52-101C-AC35-D45F27AB3C41}.Debug|Any CPU.ActiveCfg = Debug|Any CPU
		{B01833C1-CA52-101C-AC35-D45F27AB3C41}.Debug|Any CPU.Build.0 = Debug|Any CPU
		{B01833C1-CA52-101C-AC35-D45F27AB3C41}.Release|Any CPU.ActiveCfg = Release|Any CPU
		{B01833C1-CA52-101C-AC35-D45F27AB3C41}.Release|Any CPU.Build.0 = Release|Any CPU
	EndGlobalSection
	GlobalSection(SolutionProperties) = preSolution
		HideSolutionNode = FALSE
	EndGlobalSection
	GlobalSection(MonoDevelopProperties) = preSolution
		StartupItem = Assembly-CSharp.csproj
	EndGlobalSection
EndGlobal
