Microsoft Visual Studio Solution File, Format Version 11.00
# Visual Studio 2008

Project("{E0568844-A6C8-A3A8-4FA3-36406C5FB6AF}") = "SubstanceTween v2.1", "Assembly-CSharp.csproj", "{FE8B00C4-126C-F089-7115-AA175B6A4AFB}"
EndProject
Project("{E0568844-A6C8-A3A8-4FA3-36406C5FB6AF}") = "SubstanceTween v2.1", "Assembly-CSharp-Editor.csproj", "{32A8ACD0-B19A-E566-1591-9ED3829DE830}"
EndProject
Global
	GlobalSection(SolutionConfigurationPlatforms) = preSolution
		Debug|Any CPU = Debug|Any CPU
		Release|Any CPU = Release|Any CPU
	EndGlobalSection
	GlobalSection(ProjectConfigurationPlatforms) = postSolution
		{FE8B00C4-126C-F089-7115-AA175B6A4AFB}.Debug|Any CPU.ActiveCfg = Debug|Any CPU
		{FE8B00C4-126C-F089-7115-AA175B6A4AFB}.Debug|Any CPU.Build.0 = Debug|Any CPU
		{FE8B00C4-126C-F089-7115-AA175B6A4AFB}.Release|Any CPU.ActiveCfg = Release|Any CPU
		{FE8B00C4-126C-F089-7115-AA175B6A4AFB}.Release|Any CPU.Build.0 = Release|Any CPU
		{32A8ACD0-B19A-E566-1591-9ED3829DE830}.Debug|Any CPU.ActiveCfg = Debug|Any CPU
		{32A8ACD0-B19A-E566-1591-9ED3829DE830}.Debug|Any CPU.Build.0 = Debug|Any CPU
		{32A8ACD0-B19A-E566-1591-9ED3829DE830}.Release|Any CPU.ActiveCfg = Release|Any CPU
		{32A8ACD0-B19A-E566-1591-9ED3829DE830}.Release|Any CPU.Build.0 = Release|Any CPU
	EndGlobalSection
	GlobalSection(SolutionProperties) = preSolution
		HideSolutionNode = FALSE
	EndGlobalSection
	GlobalSection(MonoDevelopProperties) = preSolution
		StartupItem = Assembly-CSharp.csproj
	EndGlobalSection
EndGlobal
