Microsoft Visual Studio Solution File, Format Version 11.00
# Visual Studio 2008

Project("{DECFC8B3-BBE0-2812-6CEF-5618EBB1DD6E}") = "SubstanceTween v2.3 -3-2", "Assembly-CSharp.csproj", "{61CE44A8-BC6C-3D9C-4279-D3FF5A9B4798}"
EndProject
Project("{DECFC8B3-BBE0-2812-6CEF-5618EBB1DD6E}") = "SubstanceTween v2.3 -3-2", "Assembly-CSharp-Editor.csproj", "{24A14D9E-DDB2-B7C8-3493-7AA9A29161D8}"
EndProject
Global
	GlobalSection(SolutionConfigurationPlatforms) = preSolution
		Debug|Any CPU = Debug|Any CPU
		Release|Any CPU = Release|Any CPU
	EndGlobalSection
	GlobalSection(ProjectConfigurationPlatforms) = postSolution
		{61CE44A8-BC6C-3D9C-4279-D3FF5A9B4798}.Debug|Any CPU.ActiveCfg = Debug|Any CPU
		{61CE44A8-BC6C-3D9C-4279-D3FF5A9B4798}.Debug|Any CPU.Build.0 = Debug|Any CPU
		{61CE44A8-BC6C-3D9C-4279-D3FF5A9B4798}.Release|Any CPU.ActiveCfg = Release|Any CPU
		{61CE44A8-BC6C-3D9C-4279-D3FF5A9B4798}.Release|Any CPU.Build.0 = Release|Any CPU
		{24A14D9E-DDB2-B7C8-3493-7AA9A29161D8}.Debug|Any CPU.ActiveCfg = Debug|Any CPU
		{24A14D9E-DDB2-B7C8-3493-7AA9A29161D8}.Debug|Any CPU.Build.0 = Debug|Any CPU
		{24A14D9E-DDB2-B7C8-3493-7AA9A29161D8}.Release|Any CPU.ActiveCfg = Release|Any CPU
		{24A14D9E-DDB2-B7C8-3493-7AA9A29161D8}.Release|Any CPU.Build.0 = Release|Any CPU
	EndGlobalSection
	GlobalSection(SolutionProperties) = preSolution
		HideSolutionNode = FALSE
	EndGlobalSection
	GlobalSection(MonoDevelopProperties) = preSolution
		StartupItem = Assembly-CSharp.csproj
	EndGlobalSection
EndGlobal
