Microsoft Visual Studio Solution File, Format Version 11.00
# Visual Studio 2008

Project("{39FCF59F-1F9F-2669-5711-67EFF8287E91}") = "SubstanceTween v2.3 -2", "Assembly-CSharp.csproj", "{939C10A3-02A9-3DBD-6BED-55D9DBD7C5CF}"
EndProject
Project("{39FCF59F-1F9F-2669-5711-67EFF8287E91}") = "SubstanceTween v2.3 -2", "Assembly-CSharp-Editor.csproj", "{0C58028E-D30A-6582-5C06-2ED85573FA36}"
EndProject
Global
	GlobalSection(SolutionConfigurationPlatforms) = preSolution
		Debug|Any CPU = Debug|Any CPU
		Release|Any CPU = Release|Any CPU
	EndGlobalSection
	GlobalSection(ProjectConfigurationPlatforms) = postSolution
		{939C10A3-02A9-3DBD-6BED-55D9DBD7C5CF}.Debug|Any CPU.ActiveCfg = Debug|Any CPU
		{939C10A3-02A9-3DBD-6BED-55D9DBD7C5CF}.Debug|Any CPU.Build.0 = Debug|Any CPU
		{939C10A3-02A9-3DBD-6BED-55D9DBD7C5CF}.Release|Any CPU.ActiveCfg = Release|Any CPU
		{939C10A3-02A9-3DBD-6BED-55D9DBD7C5CF}.Release|Any CPU.Build.0 = Release|Any CPU
		{0C58028E-D30A-6582-5C06-2ED85573FA36}.Debug|Any CPU.ActiveCfg = Debug|Any CPU
		{0C58028E-D30A-6582-5C06-2ED85573FA36}.Debug|Any CPU.Build.0 = Debug|Any CPU
		{0C58028E-D30A-6582-5C06-2ED85573FA36}.Release|Any CPU.ActiveCfg = Release|Any CPU
		{0C58028E-D30A-6582-5C06-2ED85573FA36}.Release|Any CPU.Build.0 = Release|Any CPU
	EndGlobalSection
	GlobalSection(SolutionProperties) = preSolution
		HideSolutionNode = FALSE
	EndGlobalSection
	GlobalSection(MonoDevelopProperties) = preSolution
		StartupItem = Assembly-CSharp.csproj
	EndGlobalSection
EndGlobal
