Microsoft Visual Studio Solution File, Format Version 11.00
# Visual Studio 2008

Project("{D5AAAD3E-864C-5093-2006-DD80B9380974}") = "SubstanceTween v2.4", "Assembly-CSharp.csproj", "{519316A4-1930-FF89-266E-221F0B477244}"
EndProject
Project("{D5AAAD3E-864C-5093-2006-DD80B9380974}") = "SubstanceTween v2.4", "Assembly-CSharp-Editor.csproj", "{AE644585-C4C2-F724-6031-BAB8E9AD9FFD}"
EndProject
Global
	GlobalSection(SolutionConfigurationPlatforms) = preSolution
		Debug|Any CPU = Debug|Any CPU
		Release|Any CPU = Release|Any CPU
	EndGlobalSection
	GlobalSection(ProjectConfigurationPlatforms) = postSolution
		{519316A4-1930-FF89-266E-221F0B477244}.Debug|Any CPU.ActiveCfg = Debug|Any CPU
		{519316A4-1930-FF89-266E-221F0B477244}.Debug|Any CPU.Build.0 = Debug|Any CPU
		{519316A4-1930-FF89-266E-221F0B477244}.Release|Any CPU.ActiveCfg = Release|Any CPU
		{519316A4-1930-FF89-266E-221F0B477244}.Release|Any CPU.Build.0 = Release|Any CPU
		{AE644585-C4C2-F724-6031-BAB8E9AD9FFD}.Debug|Any CPU.ActiveCfg = Debug|Any CPU
		{AE644585-C4C2-F724-6031-BAB8E9AD9FFD}.Debug|Any CPU.Build.0 = Debug|Any CPU
		{AE644585-C4C2-F724-6031-BAB8E9AD9FFD}.Release|Any CPU.ActiveCfg = Release|Any CPU
		{AE644585-C4C2-F724-6031-BAB8E9AD9FFD}.Release|Any CPU.Build.0 = Release|Any CPU
	EndGlobalSection
	GlobalSection(SolutionProperties) = preSolution
		HideSolutionNode = FALSE
	EndGlobalSection
	GlobalSection(MonoDevelopProperties) = preSolution
		StartupItem = Assembly-CSharp.csproj
	EndGlobalSection
EndGlobal
