Microsoft Visual Studio Solution File, Format Version 11.00
# Visual Studio 2008

Project("{9FCAE861-DB5F-B957-9812-6A90389E95B3}") = "SubstanceTween v2.3 -3", "Assembly-CSharp.csproj", "{B6B5549E-9D2F-0EA7-0A30-F4552521DB77}"
EndProject
Project("{9FCAE861-DB5F-B957-9812-6A90389E95B3}") = "SubstanceTween v2.3 -3", "Assembly-CSharp-Editor.csproj", "{6F55EE9D-C752-A83D-BE31-03977B82249A}"
EndProject
Global
	GlobalSection(SolutionConfigurationPlatforms) = preSolution
		Debug|Any CPU = Debug|Any CPU
		Release|Any CPU = Release|Any CPU
	EndGlobalSection
	GlobalSection(ProjectConfigurationPlatforms) = postSolution
		{B6B5549E-9D2F-0EA7-0A30-F4552521DB77}.Debug|Any CPU.ActiveCfg = Debug|Any CPU
		{B6B5549E-9D2F-0EA7-0A30-F4552521DB77}.Debug|Any CPU.Build.0 = Debug|Any CPU
		{B6B5549E-9D2F-0EA7-0A30-F4552521DB77}.Release|Any CPU.ActiveCfg = Release|Any CPU
		{B6B5549E-9D2F-0EA7-0A30-F4552521DB77}.Release|Any CPU.Build.0 = Release|Any CPU
		{6F55EE9D-C752-A83D-BE31-03977B82249A}.Debug|Any CPU.ActiveCfg = Debug|Any CPU
		{6F55EE9D-C752-A83D-BE31-03977B82249A}.Debug|Any CPU.Build.0 = Debug|Any CPU
		{6F55EE9D-C752-A83D-BE31-03977B82249A}.Release|Any CPU.ActiveCfg = Release|Any CPU
		{6F55EE9D-C752-A83D-BE31-03977B82249A}.Release|Any CPU.Build.0 = Release|Any CPU
	EndGlobalSection
	GlobalSection(SolutionProperties) = preSolution
		HideSolutionNode = FALSE
	EndGlobalSection
	GlobalSection(MonoDevelopProperties) = preSolution
		StartupItem = Assembly-CSharp.csproj
	EndGlobalSection
EndGlobal
